
Microsoft Visual Studio Solution File, Format Version 12.00
# Visual Studio Version 17
VisualStudioVersion = 17.8.34511.84
MinimumVisualStudioVersion = 10.0.40219.1
Project("{FAE04EC0-301F-11D3-BF4B-00C04F79EFBC}") = "IoEditor", "IoEditor\IoEditor.csproj", "{FB9CAED0-BF9F-4C03-A189-EC5D1AE46CEA}"
EndProject
Global
	GlobalSection(SolutionConfigurationPlatforms) = preSolution
		Debug|Any CPU = Debug|Any CPU
		Release|Any CPU = Release|Any CPU
	EndGlobalSection
	GlobalSection(ProjectConfigurationPlatforms) = postSolution
		{FB9CAED0-BF9F-4C03-A189-EC5D1AE46CEA}.Debug|Any CPU.ActiveCfg = Debug|Any CPU
		{FB9CAED0-BF9F-4C03-A189-EC5D1AE46CEA}.Debug|Any CPU.Build.0 = Debug|Any CPU
		{FB9CAED0-BF9F-4C03-A189-EC5D1AE46CEA}.Release|Any CPU.ActiveCfg = Release|Any CPU
		{FB9CAED0-BF9F-4C03-A189-EC5D1AE46CEA}.Release|Any CPU.Build.0 = Release|Any CPU
	EndGlobalSection
	GlobalSection(SolutionProperties) = preSolution
		HideSolutionNode = FALSE
	EndGlobalSection
	GlobalSection(ExtensibilityGlobals) = postSolution
		SolutionGuid = {E2FDD1C1-0F9E-4161-9F6C-A9C6648D30E0}
	EndGlobalSection
EndGlobal
